<?xml version="1.0" encoding="utf-8"?>
<Project ToolsVersion="4.0" xmlns="http://schemas.microsoft.com/developer/msbuild/2003">
  <ItemGroup>
    <Filter Include="Source Files">
      <UniqueIdentifier>{4FC737F1-C7A5-4376-A066-2A32D752A2FF}</UniqueIdentifier>
      <Extensions>cpp;c;cc;cxx;def;odl;idl;hpj;bat;asm;asmx</Extensions>
    </Filter>
    <Filter Include="Header Files">
      <UniqueIdentifier>{93995380-89BD-4b04-88EB-625FBE52EBFB}</UniqueIdentifier>
      <Extensions>h;hh;hpp;hxx;hm;inl;inc;xsd</Extensions>
    </Filter>
    <Filter Include="Resource Files">
      <UniqueIdentifier>{67DA6AB6-F800-4c08-8B7A-83BB121AAD01}</UniqueIdentifier>
      <Extensions>rc;ico;cur;bmp;dlg;rc2;rct;bin;rgs;gif;jpg;jpeg;jpe;resx;tiff;tif;png;wav;mfcribbon-ms</Extensions>
    </Filter>
  </ItemGroup>
  <ItemGroup>
    <ClInclude Include="src\ca\core.h">
      <Filter>Header Files</Filter>
    </ClInclude>
    <ClInclude Include="src\ca\core_assert.h">
      <Filter>Header Files</Filter>
    </ClInclude>
    <ClInclude Include="src\ca\core_delegate.h">
      <Filter>Header Files</Filter>
    </ClInclude>
    <ClInclude Include="src\ca\core_jobsystem.h">
      <Filter>Header Files</Filter>
    </ClInclude>
    <ClInclude Include="src\ca\core_log.h">
      <Filter>Header Files</Filter>
    </ClInclude>
    <ClInclude Include="src\ca\data.h">
      <Filter>Header Files</Filter>
    </ClInclude>
    <ClInclude Include="src\ca\data_buffer.h">
      <Filter>Header Files</Filter>
    </ClInclude>
    <ClInclude Include="src\ca\data_image.h">
      <Filter>Header Files</Filter>
    </ClInclude>
    <ClInclude Include="src\ca\gfx.h">
      <Filter>Header Files</Filter>
    </ClInclude>
    <ClInclude Include="src\ca\gfx_cmdbuf.h">
      <Filter>Header Files</Filter>
    </ClInclude>
    <ClInclude Include="src\ca\gfx_device.h">
      <Filter>Header Files</Filter>
    </ClInclude>
    <ClInclude Include="src\ca\gfx_pipeline.h">
      <Filter>Header Files</Filter>
    </ClInclude>
    <ClInclude Include="src\ca\gfx_shader.h">
      <Filter>Header Files</Filter>
    </ClInclude>
    <ClInclude Include="src\ca\gfx_texture.h">
      <Filter>Header Files</Filter>
    </ClInclude>
    <ClInclude Include="src\ca\math.h">
      <Filter>Header Files</Filter>
    </ClInclude>
    <ClInclude Include="src\ca\math_bezier.h">
      <Filter>Header Files</Filter>
    </ClInclude>
    <ClInclude Include="src\ca\math_mat.h">
      <Filter>Header Files</Filter>
    </ClInclude>
    <ClInclude Include="src\ca\math_util.h">
      <Filter>Header Files</Filter>
    </ClInclude>
    <ClInclude Include="src\ca\math_vec.h">
      <Filter>Header Files</Filter>
    </ClInclude>
    <ClInclude Include="src\ca\mem.h">
      <Filter>Header Files</Filter>
    </ClInclude>
    <ClInclude Include="src\ca\mem_arena.h">
      <Filter>Header Files</Filter>
    </ClInclude>
    <ClInclude Include="src\ca\mem_chunkarena.h">
      <Filter>Header Files</Filter>
    </ClInclude>
    <ClInclude Include="src\ca\mem_heaparena.h">
      <Filter>Header Files</Filter>
    </ClInclude>
    <ClInclude Include="src\ca\mem_lineararena.h">
      <Filter>Header Files</Filter>
    </ClInclude>
    <ClInclude Include="src\ca\mem_stackarena.h">
      <Filter>Header Files</Filter>
    </ClInclude>
    <ClInclude Include="src\ca\mem_util.h">
      <Filter>Header Files</Filter>
    </ClInclude>
    <ClInclude Include="src\ca\sys.h">
      <Filter>Header Files</Filter>
    </ClInclude>
    <ClInclude Include="src\ca\sys_clock.h">
      <Filter>Header Files</Filter>
    </ClInclude>
    <ClInclude Include="src\ca\sys_mutex.h">
      <Filter>Header Files</Filter>
    </ClInclude>
    <ClInclude Include="src\ca\sys_thread.h">
      <Filter>Header Files</Filter>
    </ClInclude>
    <ClInclude Include="src\ca\types.h">
      <Filter>Header Files</Filter>
    </ClInclude>
    <ClInclude Include="ext\stb\stb_image.h">
      <Filter>Header Files</Filter>
    </ClInclude>
    <ClInclude Include="ext\tlsf\tlsf.h">
      <Filter>Header Files</Filter>
    </ClInclude>
    <ClInclude Include="src\ca\platform.h">
      <Filter>Header Files</Filter>
    </ClInclude>
    <ClInclude Include="src\ca\sys_trap.h">
      <Filter>Header Files</Filter>
    </ClInclude>
    <ClInclude Include="src\ca\core_action.h">
      <Filter>Header Files</Filter>
    </ClInclude>
    <ClInclude Include="src\ca\sys_heap.h">
      <Filter>Header Files</Filter>
    </ClInclude>
    <ClInclude Include="src\ca\gfx\vulkan.h">
      <Filter>Header Files</Filter>
    </ClInclude>
    <ClInclude Include="src\ca\gfx\opengl.h">
      <Filter>Header Files</Filter>
    </ClInclude>
    <ClInclude Include="src\ca\sys_window.h">
      <Filter>Header Files</Filter>
    </ClInclude>
    <ClInclude Include="src\ca\gfx_swapchain.h">
      <Filter>Header Files</Filter>
    </ClInclude>
  </ItemGroup>
  <ItemGroup>
    <None Include="src\ca\math_bezier.inl">
      <Filter>Header Files</Filter>
    </None>
    <None Include="src\ca\math_mat.inl">
      <Filter>Header Files</Filter>
    </None>
    <None Include="src\ca\math_vec.inl">
      <Filter>Header Files</Filter>
    </None>
  </ItemGroup>
  <ItemGroup>
    <ClCompile Include="src\ca\core_jobsystem.cpp">
      <Filter>Source Files</Filter>
    </ClCompile>
    <ClCompile Include="src\ca\mem_chunkarena.cpp">
      <Filter>Source Files</Filter>
    </ClCompile>
    <ClCompile Include="src\ca\mem_heaparena.cpp">
      <Filter>Source Files</Filter>
    </ClCompile>
    <ClCompile Include="src\ca\mem_lineararena.cpp">
      <Filter>Source Files</Filter>
    </ClCompile>
    <ClCompile Include="src\ca\mem_stackarena.cpp">
      <Filter>Source Files</Filter>
    </ClCompile>
    <ClCompile Include="ext\tlsf\tlsf.c">
      <Filter>Source Files</Filter>
    </ClCompile>
    <ClCompile Include="apps\main.cpp">
      <Filter>Source Files</Filter>
    </ClCompile>
    <ClCompile Include="src\ca\sys\win32_clock.cpp">
      <Filter>Source Files</Filter>
    </ClCompile>
    <ClCompile Include="src\ca\sys\win32_heap.cpp">
      <Filter>Source Files</Filter>
    </ClCompile>
    <ClCompile Include="src\ca\sys\win32_mutex.cpp">
      <Filter>Source Files</Filter>
    </ClCompile>
    <ClCompile Include="src\ca\sys\win32_thread.cpp">
      <Filter>Source Files</Filter>
    </ClCompile>
    <ClCompile Include="src\ca\sys\win32_trap.cpp">
      <Filter>Source Files</Filter>
    </ClCompile>
    <ClCompile Include="src\ca\gfx\opengl_device.cpp">
      <Filter>Source Files</Filter>
    </ClCompile>
    <ClCompile Include="src\ca\gfx\vulkan_device.cpp">
      <Filter>Source Files</Filter>
    </ClCompile>
    <ClCompile Include="src\ca\sys\win32_window.cpp">
      <Filter>Source Files</Filter>
    </ClCompile>
    <ClCompile Include="src\ca\gfx\vulkan_swapchain.cpp">
      <Filter>Source Files</Filter>
    </ClCompile>
  </ItemGroup>
</Project>